{
    "version": 3,
    "terraform_version": "0.11.10",
    "serial": 15,
    "lineage": "b721836a-a85b-e68e-b533-aa1856cf65a9",
    "modules": [
        {
            "path": [
                "root"
            ],
            "outputs": {},
            "resources": {},
            "depends_on": []
        },
        {
            "path": [
                "root",
                "terraform-aws-ec2"
            ],
            "outputs": {
                "instance-id": {
                    "sensitive": false,
                    "type": "string",
                    "value": "i-07f44cfc4efa55450"
                },
                "instance-public-dns": {
                    "sensitive": false,
                    "type": "string",
                    "value": "ec2-52-47-151-46.eu-west-3.compute.amazonaws.com"
                }
            },
            "resources": {
                "aws_instance.instance": {
                    "type": "aws_instance",
                    "depends_on": [
                        "aws_security_group.sg",
                        "aws_subnet.subnet"
                    ],
                    "primary": {
                        "id": "i-07f44cfc4efa55450",
                        "attributes": {
                            "ami": "ami-0dd7e7ed60da8fb83",
                            "arn": "arn:aws:ec2:eu-west-3:975608782524:instance/i-07f44cfc4efa55450",
                            "associate_public_ip_address": "true",
                            "availability_zone": "eu-west-3a",
                            "cpu_core_count": "2",
                            "cpu_threads_per_core": "2",
                            "credit_specification.#": "1",
                            "credit_specification.0.cpu_credits": "standard",
                            "disable_api_termination": "false",
                            "ebs_block_device.#": "0",
                            "ebs_optimized": "false",
                            "ephemeral_block_device.#": "0",
                            "get_password_data": "false",
                            "iam_instance_profile": "",
                            "id": "i-07f44cfc4efa55450",
                            "instance_state": "running",
                            "instance_type": "m5.xlarge",
                            "ipv6_addresses.#": "0",
                            "key_name": "engagement-paris",
                            "monitoring": "false",
                            "network_interface.#": "0",
                            "network_interface_id": "eni-0bf99f7c34580e7b1",
                            "password_data": "",
                            "placement_group": "",
                            "primary_network_interface_id": "eni-0bf99f7c34580e7b1",
                            "private_dns": "ip-10-0-1-4.eu-west-3.compute.internal",
                            "private_ip": "10.0.1.4",
                            "public_dns": "ec2-52-47-151-46.eu-west-3.compute.amazonaws.com",
                            "public_ip": "52.47.151.46",
                            "root_block_device.#": "1",
                            "root_block_device.0.delete_on_termination": "true",
                            "root_block_device.0.iops": "100",
                            "root_block_device.0.volume_id": "vol-0feb7b61454cf35a9",
                            "root_block_device.0.volume_size": "8",
                            "root_block_device.0.volume_type": "gp2",
                            "security_groups.#": "0",
                            "source_dest_check": "true",
                            "subnet_id": "subnet-0c58e42a53fa27677",
                            "tags.%": "1",
                            "tags.Name": "Test-multi-docker",
                            "tenancy": "default",
                            "user_data": "58c5b6857fe5b8876d9292a2bed47a96bcddc9da",
                            "volume_tags.%": "0",
                            "vpc_security_group_ids.#": "1",
                            "vpc_security_group_ids.2340713446": "sg-078b902f30871105d"
                        },
                        "meta": {
                            "e2bfb730-ecaa-11e6-8f88-34363bc7c4c0": {
                                "create": 600000000000,
                                "delete": 1200000000000,
                                "update": 600000000000
                            },
                            "schema_version": "1"
                        },
                        "tainted": false
                    },
                    "deposed": [],
                    "provider": "module.terraform-aws-ec2.provider.aws"
                },
                "aws_internet_gateway.ig": {
                    "type": "aws_internet_gateway",
                    "depends_on": [
                        "aws_vpc.vpc"
                    ],
                    "primary": {
                        "id": "igw-0d167d3c3e022de10",
                        "attributes": {
                            "id": "igw-0d167d3c3e022de10",
                            "owner_id": "975608782524",
                            "tags.%": "1",
                            "tags.Name": "aws-ig-created-with-terraform",
                            "vpc_id": "vpc-0a616137997ead4b9"
                        },
                        "meta": {},
                        "tainted": false
                    },
                    "deposed": [],
                    "provider": "module.terraform-aws-ec2.provider.aws"
                },
                "aws_route_table.rt": {
                    "type": "aws_route_table",
                    "depends_on": [
                        "aws_internet_gateway.ig",
                        "aws_vpc.vpc"
                    ],
                    "primary": {
                        "id": "rtb-08ce3f699cc67c648",
                        "attributes": {
                            "id": "rtb-08ce3f699cc67c648",
                            "owner_id": "975608782524",
                            "propagating_vgws.#": "0",
                            "route.#": "1",
                            "route.3768788474.cidr_block": "0.0.0.0/0",
                            "route.3768788474.egress_only_gateway_id": "",
                            "route.3768788474.gateway_id": "igw-0d167d3c3e022de10",
                            "route.3768788474.instance_id": "",
                            "route.3768788474.ipv6_cidr_block": "",
                            "route.3768788474.nat_gateway_id": "",
                            "route.3768788474.network_interface_id": "",
                            "route.3768788474.transit_gateway_id": "",
                            "route.3768788474.vpc_peering_connection_id": "",
                            "tags.%": "0",
                            "vpc_id": "vpc-0a616137997ead4b9"
                        },
                        "meta": {},
                        "tainted": false
                    },
                    "deposed": [],
                    "provider": "module.terraform-aws-ec2.provider.aws"
                },
                "aws_route_table_association.rta": {
                    "type": "aws_route_table_association",
                    "depends_on": [
                        "aws_route_table.rt",
                        "aws_subnet.subnet"
                    ],
                    "primary": {
                        "id": "rtbassoc-0d96cf1f7f7442c4e",
                        "attributes": {
                            "id": "rtbassoc-0d96cf1f7f7442c4e",
                            "route_table_id": "rtb-08ce3f699cc67c648",
                            "subnet_id": "subnet-0c58e42a53fa27677"
                        },
                        "meta": {},
                        "tainted": false
                    },
                    "deposed": [],
                    "provider": "module.terraform-aws-ec2.provider.aws"
                },
                "aws_security_group.sg": {
                    "type": "aws_security_group",
                    "depends_on": [
                        "aws_vpc.vpc"
                    ],
                    "primary": {
                        "id": "sg-078b902f30871105d",
                        "attributes": {
                            "arn": "arn:aws:ec2:eu-west-3:975608782524:security-group/sg-078b902f30871105d",
                            "description": "Managed by Terraform",
                            "egress.#": "1",
                            "egress.482069346.cidr_blocks.#": "1",
                            "egress.482069346.cidr_blocks.0": "0.0.0.0/0",
                            "egress.482069346.description": "",
                            "egress.482069346.from_port": "0",
                            "egress.482069346.ipv6_cidr_blocks.#": "0",
                            "egress.482069346.prefix_list_ids.#": "0",
                            "egress.482069346.protocol": "-1",
                            "egress.482069346.security_groups.#": "0",
                            "egress.482069346.self": "false",
                            "egress.482069346.to_port": "0",
                            "id": "sg-078b902f30871105d",
                            "ingress.#": "4",
                            "ingress.2214680975.cidr_blocks.#": "1",
                            "ingress.2214680975.cidr_blocks.0": "0.0.0.0/0",
                            "ingress.2214680975.description": "",
                            "ingress.2214680975.from_port": "80",
                            "ingress.2214680975.ipv6_cidr_blocks.#": "0",
                            "ingress.2214680975.prefix_list_ids.#": "0",
                            "ingress.2214680975.protocol": "tcp",
                            "ingress.2214680975.security_groups.#": "0",
                            "ingress.2214680975.self": "false",
                            "ingress.2214680975.to_port": "80",
                            "ingress.2541437006.cidr_blocks.#": "1",
                            "ingress.2541437006.cidr_blocks.0": "0.0.0.0/0",
                            "ingress.2541437006.description": "",
                            "ingress.2541437006.from_port": "22",
                            "ingress.2541437006.ipv6_cidr_blocks.#": "0",
                            "ingress.2541437006.prefix_list_ids.#": "0",
                            "ingress.2541437006.protocol": "tcp",
                            "ingress.2541437006.security_groups.#": "0",
                            "ingress.2541437006.self": "false",
                            "ingress.2541437006.to_port": "22",
                            "ingress.2617001939.cidr_blocks.#": "1",
                            "ingress.2617001939.cidr_blocks.0": "0.0.0.0/0",
                            "ingress.2617001939.description": "",
                            "ingress.2617001939.from_port": "443",
                            "ingress.2617001939.ipv6_cidr_blocks.#": "0",
                            "ingress.2617001939.prefix_list_ids.#": "0",
                            "ingress.2617001939.protocol": "tcp",
                            "ingress.2617001939.security_groups.#": "0",
                            "ingress.2617001939.self": "false",
                            "ingress.2617001939.to_port": "443",
                            "ingress.516175195.cidr_blocks.#": "1",
                            "ingress.516175195.cidr_blocks.0": "0.0.0.0/0",
                            "ingress.516175195.description": "",
                            "ingress.516175195.from_port": "8080",
                            "ingress.516175195.ipv6_cidr_blocks.#": "0",
                            "ingress.516175195.prefix_list_ids.#": "0",
                            "ingress.516175195.protocol": "tcp",
                            "ingress.516175195.security_groups.#": "0",
                            "ingress.516175195.self": "false",
                            "ingress.516175195.to_port": "8080",
                            "name": "SG-created-with-terraform",
                            "owner_id": "975608782524",
                            "revoke_rules_on_delete": "false",
                            "tags.%": "1",
                            "tags.Name": "SG-created-with-terraform",
                            "vpc_id": "vpc-0a616137997ead4b9"
                        },
                        "meta": {
                            "e2bfb730-ecaa-11e6-8f88-34363bc7c4c0": {
                                "create": 600000000000,
                                "delete": 600000000000
                            },
                            "schema_version": "1"
                        },
                        "tainted": false
                    },
                    "deposed": [],
                    "provider": "module.terraform-aws-ec2.provider.aws"
                },
                "aws_subnet.subnet": {
                    "type": "aws_subnet",
                    "depends_on": [
                        "aws_vpc.vpc"
                    ],
                    "primary": {
                        "id": "subnet-0c58e42a53fa27677",
                        "attributes": {
                            "arn": "arn:aws:ec2:eu-west-3:975608782524:subnet/subnet-0c58e42a53fa27677",
                            "assign_ipv6_address_on_creation": "false",
                            "availability_zone": "eu-west-3a",
                            "availability_zone_id": "euw3-az1",
                            "cidr_block": "10.0.1.0/24",
                            "id": "subnet-0c58e42a53fa27677",
                            "ipv6_cidr_block": "",
                            "ipv6_cidr_block_association_id": "",
                            "map_public_ip_on_launch": "false",
                            "owner_id": "975608782524",
                            "tags.%": "1",
                            "tags.Name": "VPN-created-with-terraform",
                            "vpc_id": "vpc-0a616137997ead4b9"
                        },
                        "meta": {
                            "e2bfb730-ecaa-11e6-8f88-34363bc7c4c0": {
                                "create": 600000000000,
                                "delete": 600000000000
                            },
                            "schema_version": "1"
                        },
                        "tainted": false
                    },
                    "deposed": [],
                    "provider": "module.terraform-aws-ec2.provider.aws"
                },
                "aws_vpc.vpc": {
                    "type": "aws_vpc",
                    "depends_on": [],
                    "primary": {
                        "id": "vpc-0a616137997ead4b9",
                        "attributes": {
                            "arn": "arn:aws:ec2:eu-west-3:975608782524:vpc/vpc-0a616137997ead4b9",
                            "assign_generated_ipv6_cidr_block": "false",
                            "cidr_block": "10.0.0.0/16",
                            "default_network_acl_id": "acl-02d465e792a8a3561",
                            "default_route_table_id": "rtb-0420049e78d1c85f3",
                            "default_security_group_id": "sg-0ea4aa5ad07cc4ac9",
                            "dhcp_options_id": "dopt-4fb02f26",
                            "enable_dns_hostnames": "true",
                            "enable_dns_support": "true",
                            "id": "vpc-0a616137997ead4b9",
                            "instance_tenancy": "default",
                            "ipv6_association_id": "",
                            "ipv6_cidr_block": "",
                            "main_route_table_id": "rtb-0420049e78d1c85f3",
                            "owner_id": "975608782524",
                            "tags.%": "1",
                            "tags.Name": "VPC-created-with-terraform"
                        },
                        "meta": {
                            "schema_version": "1"
                        },
                        "tainted": false
                    },
                    "deposed": [],
                    "provider": "module.terraform-aws-ec2.provider.aws"
                }
            },
            "depends_on": []
        }
    ]
}
